
Microsoft Visual Studio Solution File, Format Version 12.00
# Visual Studio Version 16
VisualStudioVersion = 16.0.32413.511
MinimumVisualStudioVersion = 10.0.40219.1
Project("{9A19103F-16F7-4668-BE54-9A1E7A4F7556}") = "MintClientControl", "MintClientControl\MintClientControl.csproj", "{0D64C494-62A1-4B48-9979-1AB50B8BE801}"
EndProject
Global
	GlobalSection(SolutionConfigurationPlatforms) = preSolution
		Debug|Any CPU = Debug|Any CPU
		Release|Any CPU = Release|Any CPU
	EndGlobalSection
	GlobalSection(ProjectConfigurationPlatforms) = postSolution
		{0D64C494-62A1-4B48-9979-1AB50B8BE801}.Debug|Any CPU.ActiveCfg = Debug|Any CPU
		{0D64C494-62A1-4B48-9979-1AB50B8BE801}.Debug|Any CPU.Build.0 = Debug|Any CPU
		{0D64C494-62A1-4B48-9979-1AB50B8BE801}.Release|Any CPU.ActiveCfg = Release|Any CPU
		{0D64C494-62A1-4B48-9979-1AB50B8BE801}.Release|Any CPU.Build.0 = Release|Any CPU
	EndGlobalSection
	GlobalSection(SolutionProperties) = preSolution
		HideSolutionNode = FALSE
	EndGlobalSection
	GlobalSection(ExtensibilityGlobals) = postSolution
		SolutionGuid = {D9C5BEDD-1EA9-432D-9EC2-568942115DA6}
	EndGlobalSection
EndGlobal
